
Microsoft Visual Studio Solution File, Format Version 12.00
# Visual Studio Version 17
VisualStudioVersion = 17.4.33213.308
MinimumVisualStudioVersion = 10.0.40219.1
Project("{FAE04EC0-301F-11D3-BF4B-00C04F79EFBC}") = "TrexEndlessRunner", "TrexEndlessRunner.csproj", "{0063D0CB-DA26-4E53-A678-3EDDABBF7215}"
EndProject
Global
	GlobalSection(SolutionConfigurationPlatforms) = preSolution
		Debug|Any CPU = Debug|Any CPU
		Release|Any CPU = Release|Any CPU
	EndGlobalSection
	GlobalSection(ProjectConfigurationPlatforms) = postSolution
		{0063D0CB-DA26-4E53-A678-3EDDABBF7215}.Debug|Any CPU.ActiveCfg = Debug|Any CPU
		{0063D0CB-DA26-4E53-A678-3EDDABBF7215}.Debug|Any CPU.Build.0 = Debug|Any CPU
		{0063D0CB-DA26-4E53-A678-3EDDABBF7215}.Release|Any CPU.ActiveCfg = Release|Any CPU
		{0063D0CB-DA26-4E53-A678-3EDDABBF7215}.Release|Any CPU.Build.0 = Release|Any CPU
	EndGlobalSection
	GlobalSection(SolutionProperties) = preSolution
		HideSolutionNode = FALSE
	EndGlobalSection
	GlobalSection(ExtensibilityGlobals) = postSolution
		SolutionGuid = {7B1E74EC-07FF-43E1-B50B-B829A6C60000}
	EndGlobalSection
EndGlobal
